{
  "requires": true,
  "lockfileVersion": 1,
  "dependencies": {
    "@react-native-community/checkbox": {
      "version": "0.5.5",
      "resolved": "https://registry.npmjs.org/@react-native-community/checkbox/-/checkbox-0.5.5.tgz",
      "integrity": "sha512-EeP6w9z9sUvmaSAWQa+Wd+hTmGwxyJ5NHQ9LJ234kPNdplCNEQWPGv5BLezVICDkAw/iwHmHwBxUYKpX6LveRA=="
    },
    "react-native-multiple-choice": {
      "version": "0.0.8",
      "resolved": "https://registry.npmjs.org/react-native-multiple-choice/-/react-native-multiple-choice-0.0.8.tgz",
      "integrity": "sha1-732ZrBBElBzfi5QQnMWjMHqhnoc="
    }
  }
}
